#MicroXplorer Configuration settings - do not modify
ADC1.Channel-28\#ChannelRegularConversion=ADC_CHANNEL_0
ADC1.IPParameters=Rank-28\#ChannelRegularConversion,Channel-28\#ChannelRegularConversion,SamplingTime-28\#ChannelRegularConversion,NbrOfConversionFlag,master
ADC1.NbrOfConversionFlag=1
ADC1.Rank-28\#ChannelRegularConversion=1
ADC1.SamplingTime-28\#ChannelRegularConversion=ADC_SAMPLETIME_3CYCLES
ADC1.master=1
ADC2.Channel-23\#ChannelRegularConversion=ADC_CHANNEL_1
ADC2.IPParameters=Rank-23\#ChannelRegularConversion,Channel-23\#ChannelRegularConversion,SamplingTime-23\#ChannelRegularConversion,NbrOfConversionFlag
ADC2.NbrOfConversionFlag=1
ADC2.Rank-23\#ChannelRegularConversion=1
ADC2.SamplingTime-23\#ChannelRegularConversion=ADC_SAMPLETIME_3CYCLES
ADC3.Channel-19\#ChannelRegularConversion=ADC_CHANNEL_2
ADC3.IPParameters=Rank-19\#ChannelRegularConversion,Channel-19\#ChannelRegularConversion,SamplingTime-19\#ChannelRegularConversion,NbrOfConversionFlag
ADC3.NbrOfConversionFlag=1
ADC3.Rank-19\#ChannelRegularConversion=1
ADC3.SamplingTime-19\#ChannelRegularConversion=ADC_SAMPLETIME_3CYCLES
File.Version=5
KeepUserPlacement=false
Mcu.Family=STM32F4
Mcu.IP0=ADC1
Mcu.IP1=ADC2
Mcu.IP2=ADC3
Mcu.IP3=I2C2
Mcu.IP4=NVIC
Mcu.IP5=RCC
Mcu.IP6=TIM2
Mcu.IP7=TIM3
Mcu.IP8=USART1
Mcu.IPNb=9
Mcu.Name=STM32F407V(E-G)Tx
Mcu.Package=LQFP100
Mcu.Pin0=PA0-WKUP
Mcu.Pin1=PA1
Mcu.Pin2=PA2
Mcu.Pin3=PA5
Mcu.Pin4=PA6
Mcu.Pin5=PB10
Mcu.Pin6=PB11
Mcu.Pin7=PA9
Mcu.Pin8=PA10
Mcu.PinsNb=9
Mcu.UserConstants=
Mcu.UserName=STM32F407VGTx
MxCube.Version=4.11.0
MxDb.Version=DB.4.0.110
NVIC.PriorityGroup=NVIC_PRIORITYGROUP_4
NVIC.SysTick_IRQn=true\:0\:0\:false
PA0-WKUP.Signal=ADCx_IN0
PA1.Signal=ADCx_IN1
PA10.Mode=Asynchronous
PA10.Signal=USART1_RX
PA2.Signal=ADCx_IN2
PA5.Signal=S_TIM2_CH1_ETR
PA6.Signal=S_TIM3_CH1
PA9.Mode=Asynchronous
PA9.Signal=USART1_TX
PB10.Mode=I2C
PB10.Signal=I2C2_SCL
PB11.Mode=I2C
PB11.Signal=I2C2_SDA
PCC.Checker=false
PCC.Line=STM32F407/417
PCC.MCU=STM32F407V(E-G)Tx
PCC.MXVersion=4.11.0
PCC.PartNumber=STM32F407VGTx
PCC.Seq0=0
PCC.Series=STM32F4
PCC.Temperature=25
PCC.Vdd=3.3
RCC.48MHZClocksFreq_Value=48000000
RCC.AHBFreq_Value=16000000
RCC.APB1CLKDivider=RCC_HCLK_DIV2
RCC.APB1Freq_Value=8000000
RCC.APB1TimFreq_Value=16000000
RCC.APB2Freq_Value=16000000
RCC.APB2TimFreq_Value=16000000
RCC.CortexFreq_Value=16000000
RCC.EthernetFreq_Value=16000000
RCC.FCLKCortexFreq_Value=16000000
RCC.FamilyName=M
RCC.HCLKFreq_Value=16000000
RCC.HSE_VALUE=8000000
RCC.HSI_VALUE=16000000
RCC.I2SClocksFreq_Value=96000000
RCC.IPParameters=FamilyName,HSI_VALUE,LSI_VALUE,LSE_VALUE,VCOInputFreq_Value,VCOOutputFreq_Value,PLLCLKFreq_Value,PLLQCLKFreq_Value,VCOI2SOutputFreq_Value,VcooutputI2S,I2SClocksFreq_Value,SYSCLKFreq_VALUE,AHBFreq_Value,CortexFreq_Value,APB1Freq_Value,APB2Freq_Value,RTCFreq_Value,HSE_VALUE,RTCHSEDivFreq_Value,48MHZClocksFreq_Value,HCLKFreq_Value,FCLKCortexFreq_Value,APB1TimFreq_Value,APB2TimFreq_Value,EthernetFreq_Value,MCO2PinFreq_Value,APB1CLKDivider
RCC.LSE_VALUE=32768
RCC.LSI_VALUE=32000
RCC.MCO2PinFreq_Value=16000000
RCC.PLLCLKFreq_Value=96000000
RCC.PLLQCLKFreq_Value=48000000
RCC.RTCFreq_Value=32000
RCC.RTCHSEDivFreq_Value=4000000
RCC.SYSCLKFreq_VALUE=16000000
RCC.VCOI2SOutputFreq_Value=192000000
RCC.VCOInputFreq_Value=1000000
RCC.VCOOutputFreq_Value=192000000
RCC.VcooutputI2S=96000000
SH.ADCx_IN0.0=ADC1_IN0,IN0
SH.ADCx_IN0.1=ADC2_IN0,IN0
SH.ADCx_IN0.ConfNb=2
SH.ADCx_IN1.0=ADC2_IN1,IN1
SH.ADCx_IN1.ConfNb=1
SH.ADCx_IN2.0=ADC3_IN2,IN2
SH.ADCx_IN2.ConfNb=1
SH.S_TIM2_CH1_ETR.0=TIM2_CH1,PWM Generation1 CH1
SH.S_TIM2_CH1_ETR.ConfNb=1
SH.S_TIM3_CH1.0=TIM3_CH1,Input_Capture1_from_TI1
SH.S_TIM3_CH1.ConfNb=1
